
Microsoft Visual Studio Solution File, Format Version 12.00
# Visual Studio Version 17
VisualStudioVersion = 17.0.31903.59
MinimumVisualStudioVersion = 10.0.40219.1
Project("{2150E333-8FDC-42A3-9474-1A3956D46DE8}") = "src", "src", "{827E0CD3-B72D-47B6-A68D-7590B98EB39B}"
EndProject
Project("{FAE04EC0-301F-11D3-BF4B-00C04F79EFBC}") = "DriverTime.Domain", "src\DriverTime.Domain\DriverTime.Domain.csproj", "{38655134-4446-405E-8070-31FF04C222EE}"
EndProject
Project("{FAE04EC0-301F-11D3-BF4B-00C04F79EFBC}") = "DriverTime.Application", "src\DriverTime.Application\DriverTime.Application.csproj", "{75981B3F-2832-4C70-9F7E-79AACF9B1AE8}"
EndProject
Project("{FAE04EC0-301F-11D3-BF4B-00C04F79EFBC}") = "DriverTime.Infrastructure", "src\DriverTime.Infrastructure\DriverTime.Infrastructure.csproj", "{7ACD0251-9952-4FBD-BA06-BA2302FB976B}"
EndProject
Project("{FAE04EC0-301F-11D3-BF4B-00C04F79EFBC}") = "DriverTime.Api", "src\DriverTime.Api\DriverTime.Api.csproj", "{DD44EB74-32D4-4D5A-9312-74E2BBB9F882}"
EndProject
Project("{2150E333-8FDC-42A3-9474-1A3956D46DE8}") = "parser", "parser", "{02EA681E-C7D8-13C7-8484-4AC65E1B71E8}"
	ProjectSection(SolutionItems) = preProject
		src\parser\ddd_parser.py = src\parser\ddd_parser.py
		src\parser\parser_cli.py = src\parser\parser_cli.py
	EndProjectSection
EndProject
Project("{2150E333-8FDC-42A3-9474-1A3956D46DE8}") = "Elementy rozwiązania", "Elementy rozwiązania", "{8FB176BD-0036-D269-15EA-F86E90622887}"
	ProjectSection(SolutionItems) = preProject
		.gitignore = .gitignore
		AGENTS.md = AGENTS.md
	EndProjectSection
EndProject
Project("{54A90642-561A-4BB1-A94E-469ADEE60C69}") = "drivertime.web", "src\DriverTime.Web\drivertime.web.esproj", "{3C037CF4-7A71-D650-FD4D-83F4B5ABD801}"
EndProject
Global
	GlobalSection(SolutionConfigurationPlatforms) = preSolution
		Debug|Any CPU = Debug|Any CPU
		Debug|x64 = Debug|x64
		Debug|x86 = Debug|x86
		Release|Any CPU = Release|Any CPU
		Release|x64 = Release|x64
		Release|x86 = Release|x86
	EndGlobalSection
	GlobalSection(ProjectConfigurationPlatforms) = postSolution
		{38655134-4446-405E-8070-31FF04C222EE}.Debug|Any CPU.ActiveCfg = Debug|Any CPU
		{38655134-4446-405E-8070-31FF04C222EE}.Debug|Any CPU.Build.0 = Debug|Any CPU
		{38655134-4446-405E-8070-31FF04C222EE}.Debug|x64.ActiveCfg = Debug|Any CPU
		{38655134-4446-405E-8070-31FF04C222EE}.Debug|x64.Build.0 = Debug|Any CPU
		{38655134-4446-405E-8070-31FF04C222EE}.Debug|x86.ActiveCfg = Debug|Any CPU
		{38655134-4446-405E-8070-31FF04C222EE}.Debug|x86.Build.0 = Debug|Any CPU
		{38655134-4446-405E-8070-31FF04C222EE}.Release|Any CPU.ActiveCfg = Release|Any CPU
		{38655134-4446-405E-8070-31FF04C222EE}.Release|Any CPU.Build.0 = Release|Any CPU
		{38655134-4446-405E-8070-31FF04C222EE}.Release|x64.ActiveCfg = Release|Any CPU
		{38655134-4446-405E-8070-31FF04C222EE}.Release|x64.Build.0 = Release|Any CPU
		{38655134-4446-405E-8070-31FF04C222EE}.Release|x86.ActiveCfg = Release|Any CPU
		{38655134-4446-405E-8070-31FF04C222EE}.Release|x86.Build.0 = Release|Any CPU
		{75981B3F-2832-4C70-9F7E-79AACF9B1AE8}.Debug|Any CPU.ActiveCfg = Debug|Any CPU
		{75981B3F-2832-4C70-9F7E-79AACF9B1AE8}.Debug|Any CPU.Build.0 = Debug|Any CPU
		{75981B3F-2832-4C70-9F7E-79AACF9B1AE8}.Debug|x64.ActiveCfg = Debug|Any CPU
		{75981B3F-2832-4C70-9F7E-79AACF9B1AE8}.Debug|x64.Build.0 = Debug|Any CPU
		{75981B3F-2832-4C70-9F7E-79AACF9B1AE8}.Debug|x86.ActiveCfg = Debug|Any CPU
		{75981B3F-2832-4C70-9F7E-79AACF9B1AE8}.Debug|x86.Build.0 = Debug|Any CPU
		{75981B3F-2832-4C70-9F7E-79AACF9B1AE8}.Release|Any CPU.ActiveCfg = Release|Any CPU
		{75981B3F-2832-4C70-9F7E-79AACF9B1AE8}.Release|Any CPU.Build.0 = Release|Any CPU
		{75981B3F-2832-4C70-9F7E-79AACF9B1AE8}.Release|x64.ActiveCfg = Release|Any CPU
		{75981B3F-2832-4C70-9F7E-79AACF9B1AE8}.Release|x64.Build.0 = Release|Any CPU
		{75981B3F-2832-4C70-9F7E-79AACF9B1AE8}.Release|x86.ActiveCfg = Release|Any CPU
		{75981B3F-2832-4C70-9F7E-79AACF9B1AE8}.Release|x86.Build.0 = Release|Any CPU
		{7ACD0251-9952-4FBD-BA06-BA2302FB976B}.Debug|Any CPU.ActiveCfg = Debug|Any CPU
		{7ACD0251-9952-4FBD-BA06-BA2302FB976B}.Debug|Any CPU.Build.0 = Debug|Any CPU
		{7ACD0251-9952-4FBD-BA06-BA2302FB976B}.Debug|x64.ActiveCfg = Debug|Any CPU
		{7ACD0251-9952-4FBD-BA06-BA2302FB976B}.Debug|x64.Build.0 = Debug|Any CPU
		{7ACD0251-9952-4FBD-BA06-BA2302FB976B}.Debug|x86.ActiveCfg = Debug|Any CPU
		{7ACD0251-9952-4FBD-BA06-BA2302FB976B}.Debug|x86.Build.0 = Debug|Any CPU
		{7ACD0251-9952-4FBD-BA06-BA2302FB976B}.Release|Any CPU.ActiveCfg = Release|Any CPU
		{7ACD0251-9952-4FBD-BA06-BA2302FB976B}.Release|Any CPU.Build.0 = Release|Any CPU
		{7ACD0251-9952-4FBD-BA06-BA2302FB976B}.Release|x64.ActiveCfg = Release|Any CPU
		{7ACD0251-9952-4FBD-BA06-BA2302FB976B}.Release|x64.Build.0 = Release|Any CPU
		{7ACD0251-9952-4FBD-BA06-BA2302FB976B}.Release|x86.ActiveCfg = Release|Any CPU
		{7ACD0251-9952-4FBD-BA06-BA2302FB976B}.Release|x86.Build.0 = Release|Any CPU
		{DD44EB74-32D4-4D5A-9312-74E2BBB9F882}.Debug|Any CPU.ActiveCfg = Debug|Any CPU
		{DD44EB74-32D4-4D5A-9312-74E2BBB9F882}.Debug|Any CPU.Build.0 = Debug|Any CPU
		{DD44EB74-32D4-4D5A-9312-74E2BBB9F882}.Debug|x64.ActiveCfg = Debug|Any CPU
		{DD44EB74-32D4-4D5A-9312-74E2BBB9F882}.Debug|x64.Build.0 = Debug|Any CPU
		{DD44EB74-32D4-4D5A-9312-74E2BBB9F882}.Debug|x86.ActiveCfg = Debug|Any CPU
		{DD44EB74-32D4-4D5A-9312-74E2BBB9F882}.Debug|x86.Build.0 = Debug|Any CPU
		{DD44EB74-32D4-4D5A-9312-74E2BBB9F882}.Release|Any CPU.ActiveCfg = Release|Any CPU
		{DD44EB74-32D4-4D5A-9312-74E2BBB9F882}.Release|Any CPU.Build.0 = Release|Any CPU
		{DD44EB74-32D4-4D5A-9312-74E2BBB9F882}.Release|x64.ActiveCfg = Release|Any CPU
		{DD44EB74-32D4-4D5A-9312-74E2BBB9F882}.Release|x64.Build.0 = Release|Any CPU
		{DD44EB74-32D4-4D5A-9312-74E2BBB9F882}.Release|x86.ActiveCfg = Release|Any CPU
		{DD44EB74-32D4-4D5A-9312-74E2BBB9F882}.Release|x86.Build.0 = Release|Any CPU
		{3C037CF4-7A71-D650-FD4D-83F4B5ABD801}.Debug|Any CPU.ActiveCfg = Debug|Any CPU
		{3C037CF4-7A71-D650-FD4D-83F4B5ABD801}.Debug|Any CPU.Build.0 = Debug|Any CPU
		{3C037CF4-7A71-D650-FD4D-83F4B5ABD801}.Debug|Any CPU.Deploy.0 = Debug|Any CPU
		{3C037CF4-7A71-D650-FD4D-83F4B5ABD801}.Debug|x64.ActiveCfg = Debug|Any CPU
		{3C037CF4-7A71-D650-FD4D-83F4B5ABD801}.Debug|x64.Build.0 = Debug|Any CPU
		{3C037CF4-7A71-D650-FD4D-83F4B5ABD801}.Debug|x64.Deploy.0 = Debug|Any CPU
		{3C037CF4-7A71-D650-FD4D-83F4B5ABD801}.Debug|x86.ActiveCfg = Debug|Any CPU
		{3C037CF4-7A71-D650-FD4D-83F4B5ABD801}.Debug|x86.Build.0 = Debug|Any CPU
		{3C037CF4-7A71-D650-FD4D-83F4B5ABD801}.Debug|x86.Deploy.0 = Debug|Any CPU
		{3C037CF4-7A71-D650-FD4D-83F4B5ABD801}.Release|Any CPU.ActiveCfg = Release|Any CPU
		{3C037CF4-7A71-D650-FD4D-83F4B5ABD801}.Release|Any CPU.Build.0 = Release|Any CPU
		{3C037CF4-7A71-D650-FD4D-83F4B5ABD801}.Release|Any CPU.Deploy.0 = Release|Any CPU
		{3C037CF4-7A71-D650-FD4D-83F4B5ABD801}.Release|x64.ActiveCfg = Release|Any CPU
		{3C037CF4-7A71-D650-FD4D-83F4B5ABD801}.Release|x64.Build.0 = Release|Any CPU
		{3C037CF4-7A71-D650-FD4D-83F4B5ABD801}.Release|x64.Deploy.0 = Release|Any CPU
		{3C037CF4-7A71-D650-FD4D-83F4B5ABD801}.Release|x86.ActiveCfg = Release|Any CPU
		{3C037CF4-7A71-D650-FD4D-83F4B5ABD801}.Release|x86.Build.0 = Release|Any CPU
		{3C037CF4-7A71-D650-FD4D-83F4B5ABD801}.Release|x86.Deploy.0 = Release|Any CPU
	EndGlobalSection
	GlobalSection(SolutionProperties) = preSolution
		HideSolutionNode = FALSE
	EndGlobalSection
	GlobalSection(NestedProjects) = preSolution
		{38655134-4446-405E-8070-31FF04C222EE} = {827E0CD3-B72D-47B6-A68D-7590B98EB39B}
		{75981B3F-2832-4C70-9F7E-79AACF9B1AE8} = {827E0CD3-B72D-47B6-A68D-7590B98EB39B}
		{7ACD0251-9952-4FBD-BA06-BA2302FB976B} = {827E0CD3-B72D-47B6-A68D-7590B98EB39B}
		{DD44EB74-32D4-4D5A-9312-74E2BBB9F882} = {827E0CD3-B72D-47B6-A68D-7590B98EB39B}
	EndGlobalSection
	GlobalSection(ExtensibilityGlobals) = postSolution
		SolutionGuid = {7E0C0102-9B13-4491-98A2-EAB430A7674D}
	EndGlobalSection
EndGlobal
